
Microsoft Visual Studio Solution File, Format Version 12.00
# Visual Studio Version 17
VisualStudioVersion = 17.4.33110.190
MinimumVisualStudioVersion = 10.0.40219.1
Project("{9A19103F-16F7-4668-BE54-9A1E7A4F7556}") = "chibild.core", "chibild\chibild.core\chibild.core.csproj", "{B6307988-91AA-43A8-89E5-E65E9C26CF9D}"
EndProject
Project("{2150E333-8FDC-42A3-9474-1A3956D46DE8}") = "Solution Items", "Solution Items", "{54378472-8579-4B3E-9439-C322DAD4FFEE}"
	ProjectSection(SolutionItems) = preProject
		.gitignore = .gitignore
		build-nupkg.bat = build-nupkg.bat
		build-nupkg.sh = build-nupkg.sh
		.github\workflows\build.yaml = .github\workflows\build.yaml
		Directory.Build.props = Directory.Build.props
		nuget.config = nuget.config
		README.ja.md = README.ja.md
		README.md = README.md
	EndProjectSection
EndProject
Project("{9A19103F-16F7-4668-BE54-9A1E7A4F7556}") = "chibild", "chibild\chibild\chibild.csproj", "{4D0D87F5-40E5-49C1-B990-84F7B570BCB6}"
EndProject
Project("{9A19103F-16F7-4668-BE54-9A1E7A4F7556}") = "chibild.net4", "chibild\chibild.net4\chibild.net4.csproj", "{9228F275-78AA-475D-844D-6D54A62B132A}"
EndProject
Project("{9A19103F-16F7-4668-BE54-9A1E7A4F7556}") = "chibild.core.Tests", "chibild\chibild.core.Tests\chibild.core.Tests.csproj", "{7453BCDC-28AE-44DD-B96C-A4E2BA6740D6}"
	ProjectSection(ProjectDependencies) = postProject
		{D0633B87-E72A-4362-B11F-E614494771C0} = {D0633B87-E72A-4362-B11F-E614494771C0}
	EndProjectSection
EndProject
Project("{2150E333-8FDC-42A3-9474-1A3956D46DE8}") = "misc", "chibild\misc", "{2D17624C-B2B8-4343-94BF-34056C7FD4EC}"
EndProject
Project("{FAE04EC0-301F-11D3-BF4B-00C04F79EFBC}") = "mergetestbed", "chibild\misc\mergetestbed\mergetestbed.csproj", "{D0633B87-E72A-4362-B11F-E614494771C0}"
EndProject
Project("{FAE04EC0-301F-11D3-BF4B-00C04F79EFBC}") = "combinetestbed", "chibild\misc\combinetestbed\combinetestbed.csproj", "{7875CC3D-B029-4D43-8328-8D7A8D773091}"
EndProject
Project("{2150E333-8FDC-42A3-9474-1A3956D46DE8}") = "chibild", "chibild", "{D0131164-9D0E-4CEE-9CB3-FC617BD661DA}"
EndProject
Project("{FAE04EC0-301F-11D3-BF4B-00C04F79EFBC}") = "chibicc.build", "chibicc.build\chibicc.build.csproj", "{69DC07CB-4E13-4F7A-B7A6-A3F9B1B0111D}"
EndProject
Global
	GlobalSection(SolutionConfigurationPlatforms) = preSolution
		Debug|Any CPU = Debug|Any CPU
		Release|Any CPU = Release|Any CPU
	EndGlobalSection
	GlobalSection(ProjectConfigurationPlatforms) = postSolution
		{B6307988-91AA-43A8-89E5-E65E9C26CF9D}.Debug|Any CPU.ActiveCfg = Debug|Any CPU
		{B6307988-91AA-43A8-89E5-E65E9C26CF9D}.Debug|Any CPU.Build.0 = Debug|Any CPU
		{B6307988-91AA-43A8-89E5-E65E9C26CF9D}.Release|Any CPU.ActiveCfg = Release|Any CPU
		{B6307988-91AA-43A8-89E5-E65E9C26CF9D}.Release|Any CPU.Build.0 = Release|Any CPU
		{4D0D87F5-40E5-49C1-B990-84F7B570BCB6}.Debug|Any CPU.ActiveCfg = Debug|Any CPU
		{4D0D87F5-40E5-49C1-B990-84F7B570BCB6}.Debug|Any CPU.Build.0 = Debug|Any CPU
		{4D0D87F5-40E5-49C1-B990-84F7B570BCB6}.Release|Any CPU.ActiveCfg = Release|Any CPU
		{4D0D87F5-40E5-49C1-B990-84F7B570BCB6}.Release|Any CPU.Build.0 = Release|Any CPU
		{9228F275-78AA-475D-844D-6D54A62B132A}.Debug|Any CPU.ActiveCfg = Debug|Any CPU
		{9228F275-78AA-475D-844D-6D54A62B132A}.Debug|Any CPU.Build.0 = Debug|Any CPU
		{9228F275-78AA-475D-844D-6D54A62B132A}.Release|Any CPU.ActiveCfg = Release|Any CPU
		{9228F275-78AA-475D-844D-6D54A62B132A}.Release|Any CPU.Build.0 = Release|Any CPU
		{7453BCDC-28AE-44DD-B96C-A4E2BA6740D6}.Debug|Any CPU.ActiveCfg = Debug|Any CPU
		{7453BCDC-28AE-44DD-B96C-A4E2BA6740D6}.Debug|Any CPU.Build.0 = Debug|Any CPU
		{7453BCDC-28AE-44DD-B96C-A4E2BA6740D6}.Release|Any CPU.ActiveCfg = Release|Any CPU
		{7453BCDC-28AE-44DD-B96C-A4E2BA6740D6}.Release|Any CPU.Build.0 = Release|Any CPU
		{D0633B87-E72A-4362-B11F-E614494771C0}.Debug|Any CPU.ActiveCfg = Debug|Any CPU
		{D0633B87-E72A-4362-B11F-E614494771C0}.Debug|Any CPU.Build.0 = Debug|Any CPU
		{D0633B87-E72A-4362-B11F-E614494771C0}.Release|Any CPU.ActiveCfg = Release|Any CPU
		{D0633B87-E72A-4362-B11F-E614494771C0}.Release|Any CPU.Build.0 = Release|Any CPU
		{7875CC3D-B029-4D43-8328-8D7A8D773091}.Debug|Any CPU.ActiveCfg = Debug|Any CPU
		{7875CC3D-B029-4D43-8328-8D7A8D773091}.Debug|Any CPU.Build.0 = Debug|Any CPU
		{7875CC3D-B029-4D43-8328-8D7A8D773091}.Release|Any CPU.ActiveCfg = Release|Any CPU
		{7875CC3D-B029-4D43-8328-8D7A8D773091}.Release|Any CPU.Build.0 = Release|Any CPU
		{69DC07CB-4E13-4F7A-B7A6-A3F9B1B0111D}.Debug|Any CPU.ActiveCfg = Debug|Any CPU
		{69DC07CB-4E13-4F7A-B7A6-A3F9B1B0111D}.Debug|Any CPU.Build.0 = Debug|Any CPU
		{69DC07CB-4E13-4F7A-B7A6-A3F9B1B0111D}.Release|Any CPU.ActiveCfg = Release|Any CPU
		{69DC07CB-4E13-4F7A-B7A6-A3F9B1B0111D}.Release|Any CPU.Build.0 = Release|Any CPU
	EndGlobalSection
	GlobalSection(SolutionProperties) = preSolution
		HideSolutionNode = FALSE
	EndGlobalSection
	GlobalSection(NestedProjects) = preSolution
		{D0633B87-E72A-4362-B11F-E614494771C0} = {2D17624C-B2B8-4343-94BF-34056C7FD4EC}
		{7875CC3D-B029-4D43-8328-8D7A8D773091} = {2D17624C-B2B8-4343-94BF-34056C7FD4EC}
		{4D0D87F5-40E5-49C1-B990-84F7B570BCB6} = {D0131164-9D0E-4CEE-9CB3-FC617BD661DA}
		{B6307988-91AA-43A8-89E5-E65E9C26CF9D} = {D0131164-9D0E-4CEE-9CB3-FC617BD661DA}
		{7453BCDC-28AE-44DD-B96C-A4E2BA6740D6} = {D0131164-9D0E-4CEE-9CB3-FC617BD661DA}
		{9228F275-78AA-475D-844D-6D54A62B132A} = {D0131164-9D0E-4CEE-9CB3-FC617BD661DA}
		{2D17624C-B2B8-4343-94BF-34056C7FD4EC} = {D0131164-9D0E-4CEE-9CB3-FC617BD661DA}
	EndGlobalSection
	GlobalSection(ExtensibilityGlobals) = postSolution
		SolutionGuid = {50B7704D-EFFD-4789-90DD-F594F80C2B97}
	EndGlobalSection
EndGlobal
