
Microsoft Visual Studio Solution File, Format Version 12.00
# Visual Studio Version 17
VisualStudioVersion = 17.4.33110.190
MinimumVisualStudioVersion = 10.0.40219.1
Project("{9A19103F-16F7-4668-BE54-9A1E7A4F7556}") = "chibild.core", "chibild\chibild.core\chibild.core.csproj", "{B6307988-91AA-43A8-89E5-E65E9C26CF9D}"
EndProject
Project("{2150E333-8FDC-42A3-9474-1A3956D46DE8}") = "Solution Items", "Solution Items", "{54378472-8579-4B3E-9439-C322DAD4FFEE}"
	ProjectSection(SolutionItems) = preProject
		.gitignore = .gitignore
		build-nupkg.bat = build-nupkg.bat
		build-nupkg.sh = build-nupkg.sh
		.github\workflows\build.yaml = .github\workflows\build.yaml
		Directory.Build.props = Directory.Build.props
		nuget.config = nuget.config
		README.ja.md = README.ja.md
		README.md = README.md
	EndProjectSection
EndProject
Project("{9A19103F-16F7-4668-BE54-9A1E7A4F7556}") = "chibild", "chibild\chibild\chibild.csproj", "{4D0D87F5-40E5-49C1-B990-84F7B570BCB6}"
EndProject
Project("{9A19103F-16F7-4668-BE54-9A1E7A4F7556}") = "chibild.net4", "chibild\chibild.net4\chibild.net4.csproj", "{9228F275-78AA-475D-844D-6D54A62B132A}"
EndProject
Project("{9A19103F-16F7-4668-BE54-9A1E7A4F7556}") = "chibild.core.Tests", "chibild\chibild.core.Tests\chibild.core.Tests.csproj", "{7453BCDC-28AE-44DD-B96C-A4E2BA6740D6}"
	ProjectSection(ProjectDependencies) = postProject
		{D0633B87-E72A-4362-B11F-E614494771C0} = {D0633B87-E72A-4362-B11F-E614494771C0}
	EndProjectSection
EndProject
Project("{2150E333-8FDC-42A3-9474-1A3956D46DE8}") = "misc", "chibild\misc", "{2D17624C-B2B8-4343-94BF-34056C7FD4EC}"
EndProject
Project("{FAE04EC0-301F-11D3-BF4B-00C04F79EFBC}") = "mergetestbed", "chibild\misc\mergetestbed\mergetestbed.csproj", "{D0633B87-E72A-4362-B11F-E614494771C0}"
EndProject
Project("{FAE04EC0-301F-11D3-BF4B-00C04F79EFBC}") = "combinetestbed", "chibild\misc\combinetestbed\combinetestbed.csproj", "{7875CC3D-B029-4D43-8328-8D7A8D773091}"
EndProject
Project("{2150E333-8FDC-42A3-9474-1A3956D46DE8}") = "chibild", "chibild", "{D0131164-9D0E-4CEE-9CB3-FC617BD661DA}"
	ProjectSection(SolutionItems) = preProject
		chibild\Directory.Build.props = chibild\Directory.Build.props
	EndProjectSection
EndProject
Project("{FAE04EC0-301F-11D3-BF4B-00C04F79EFBC}") = "chibicc.build", "chibicc.build\chibicc.build.csproj", "{69DC07CB-4E13-4F7A-B7A6-A3F9B1B0111D}"
EndProject
Project("{2150E333-8FDC-42A3-9474-1A3956D46DE8}") = "chibias", "chibias", "{A4C160C3-9D6F-4B0C-9A66-CA5FE5264672}"
	ProjectSection(SolutionItems) = preProject
		chibias\Directory.Build.props = chibias\Directory.Build.props
	EndProjectSection
EndProject
Project("{FAE04EC0-301F-11D3-BF4B-00C04F79EFBC}") = "chibias", "chibias\chibias\chibias.csproj", "{F347B527-EAA8-4675-932B-13F54C252DC7}"
EndProject
Project("{FAE04EC0-301F-11D3-BF4B-00C04F79EFBC}") = "chibias.net4", "chibias\chibias.net4\chibias.net4.csproj", "{3EBC174A-06E7-4FBA-9745-7BBCD7F2982E}"
EndProject
Project("{2150E333-8FDC-42A3-9474-1A3956D46DE8}") = "chibiar", "chibiar", "{5F40AA75-7382-487D-B2F7-3D07DC68C566}"
EndProject
Project("{FAE04EC0-301F-11D3-BF4B-00C04F79EFBC}") = "chibiar", "chibiar\chibiar\chibiar.csproj", "{9E9A6F23-6F3F-4361-B443-9B0EBEBE9712}"
EndProject
Project("{FAE04EC0-301F-11D3-BF4B-00C04F79EFBC}") = "chibiar.net4", "chibiar\chibiar.net4\chibiar.net4.csproj", "{A65A61A0-F372-4630-982E-B728ABFFB09A}"
EndProject
Project("{FAE04EC0-301F-11D3-BF4B-00C04F79EFBC}") = "chibiar.core.Tests", "chibiar\chibiar.core.Tests\chibiar.core.Tests.csproj", "{9C384CE3-4BD5-44B9-AE59-F0159D20D302}"
EndProject
Project("{FAE04EC0-301F-11D3-BF4B-00C04F79EFBC}") = "chibiar.core", "chibiar\chibiar.core\chibiar.core.csproj", "{EDFB3E84-7FD5-414D-9A17-378C62CA3F35}"
EndProject
Global
	GlobalSection(SolutionConfigurationPlatforms) = preSolution
		Debug|Any CPU = Debug|Any CPU
		Release|Any CPU = Release|Any CPU
	EndGlobalSection
	GlobalSection(ProjectConfigurationPlatforms) = postSolution
		{B6307988-91AA-43A8-89E5-E65E9C26CF9D}.Debug|Any CPU.ActiveCfg = Debug|Any CPU
		{B6307988-91AA-43A8-89E5-E65E9C26CF9D}.Debug|Any CPU.Build.0 = Debug|Any CPU
		{B6307988-91AA-43A8-89E5-E65E9C26CF9D}.Release|Any CPU.ActiveCfg = Release|Any CPU
		{B6307988-91AA-43A8-89E5-E65E9C26CF9D}.Release|Any CPU.Build.0 = Release|Any CPU
		{4D0D87F5-40E5-49C1-B990-84F7B570BCB6}.Debug|Any CPU.ActiveCfg = Debug|Any CPU
		{4D0D87F5-40E5-49C1-B990-84F7B570BCB6}.Debug|Any CPU.Build.0 = Debug|Any CPU
		{4D0D87F5-40E5-49C1-B990-84F7B570BCB6}.Release|Any CPU.ActiveCfg = Release|Any CPU
		{4D0D87F5-40E5-49C1-B990-84F7B570BCB6}.Release|Any CPU.Build.0 = Release|Any CPU
		{9228F275-78AA-475D-844D-6D54A62B132A}.Debug|Any CPU.ActiveCfg = Debug|Any CPU
		{9228F275-78AA-475D-844D-6D54A62B132A}.Debug|Any CPU.Build.0 = Debug|Any CPU
		{9228F275-78AA-475D-844D-6D54A62B132A}.Release|Any CPU.ActiveCfg = Release|Any CPU
		{9228F275-78AA-475D-844D-6D54A62B132A}.Release|Any CPU.Build.0 = Release|Any CPU
		{7453BCDC-28AE-44DD-B96C-A4E2BA6740D6}.Debug|Any CPU.ActiveCfg = Debug|Any CPU
		{7453BCDC-28AE-44DD-B96C-A4E2BA6740D6}.Debug|Any CPU.Build.0 = Debug|Any CPU
		{7453BCDC-28AE-44DD-B96C-A4E2BA6740D6}.Release|Any CPU.ActiveCfg = Release|Any CPU
		{7453BCDC-28AE-44DD-B96C-A4E2BA6740D6}.Release|Any CPU.Build.0 = Release|Any CPU
		{D0633B87-E72A-4362-B11F-E614494771C0}.Debug|Any CPU.ActiveCfg = Debug|Any CPU
		{D0633B87-E72A-4362-B11F-E614494771C0}.Debug|Any CPU.Build.0 = Debug|Any CPU
		{D0633B87-E72A-4362-B11F-E614494771C0}.Release|Any CPU.ActiveCfg = Release|Any CPU
		{D0633B87-E72A-4362-B11F-E614494771C0}.Release|Any CPU.Build.0 = Release|Any CPU
		{7875CC3D-B029-4D43-8328-8D7A8D773091}.Debug|Any CPU.ActiveCfg = Debug|Any CPU
		{7875CC3D-B029-4D43-8328-8D7A8D773091}.Debug|Any CPU.Build.0 = Debug|Any CPU
		{7875CC3D-B029-4D43-8328-8D7A8D773091}.Release|Any CPU.ActiveCfg = Release|Any CPU
		{7875CC3D-B029-4D43-8328-8D7A8D773091}.Release|Any CPU.Build.0 = Release|Any CPU
		{69DC07CB-4E13-4F7A-B7A6-A3F9B1B0111D}.Debug|Any CPU.ActiveCfg = Debug|Any CPU
		{69DC07CB-4E13-4F7A-B7A6-A3F9B1B0111D}.Debug|Any CPU.Build.0 = Debug|Any CPU
		{69DC07CB-4E13-4F7A-B7A6-A3F9B1B0111D}.Release|Any CPU.ActiveCfg = Release|Any CPU
		{69DC07CB-4E13-4F7A-B7A6-A3F9B1B0111D}.Release|Any CPU.Build.0 = Release|Any CPU
		{F347B527-EAA8-4675-932B-13F54C252DC7}.Debug|Any CPU.ActiveCfg = Debug|Any CPU
		{F347B527-EAA8-4675-932B-13F54C252DC7}.Debug|Any CPU.Build.0 = Debug|Any CPU
		{F347B527-EAA8-4675-932B-13F54C252DC7}.Release|Any CPU.ActiveCfg = Release|Any CPU
		{F347B527-EAA8-4675-932B-13F54C252DC7}.Release|Any CPU.Build.0 = Release|Any CPU
		{3EBC174A-06E7-4FBA-9745-7BBCD7F2982E}.Debug|Any CPU.ActiveCfg = Debug|Any CPU
		{3EBC174A-06E7-4FBA-9745-7BBCD7F2982E}.Debug|Any CPU.Build.0 = Debug|Any CPU
		{3EBC174A-06E7-4FBA-9745-7BBCD7F2982E}.Release|Any CPU.ActiveCfg = Release|Any CPU
		{3EBC174A-06E7-4FBA-9745-7BBCD7F2982E}.Release|Any CPU.Build.0 = Release|Any CPU
		{9E9A6F23-6F3F-4361-B443-9B0EBEBE9712}.Debug|Any CPU.ActiveCfg = Debug|Any CPU
		{9E9A6F23-6F3F-4361-B443-9B0EBEBE9712}.Debug|Any CPU.Build.0 = Debug|Any CPU
		{9E9A6F23-6F3F-4361-B443-9B0EBEBE9712}.Release|Any CPU.ActiveCfg = Release|Any CPU
		{9E9A6F23-6F3F-4361-B443-9B0EBEBE9712}.Release|Any CPU.Build.0 = Release|Any CPU
		{A65A61A0-F372-4630-982E-B728ABFFB09A}.Debug|Any CPU.ActiveCfg = Debug|Any CPU
		{A65A61A0-F372-4630-982E-B728ABFFB09A}.Debug|Any CPU.Build.0 = Debug|Any CPU
		{A65A61A0-F372-4630-982E-B728ABFFB09A}.Release|Any CPU.ActiveCfg = Release|Any CPU
		{A65A61A0-F372-4630-982E-B728ABFFB09A}.Release|Any CPU.Build.0 = Release|Any CPU
		{9C384CE3-4BD5-44B9-AE59-F0159D20D302}.Debug|Any CPU.ActiveCfg = Debug|Any CPU
		{9C384CE3-4BD5-44B9-AE59-F0159D20D302}.Debug|Any CPU.Build.0 = Debug|Any CPU
		{9C384CE3-4BD5-44B9-AE59-F0159D20D302}.Release|Any CPU.ActiveCfg = Release|Any CPU
		{9C384CE3-4BD5-44B9-AE59-F0159D20D302}.Release|Any CPU.Build.0 = Release|Any CPU
		{EDFB3E84-7FD5-414D-9A17-378C62CA3F35}.Debug|Any CPU.ActiveCfg = Debug|Any CPU
		{EDFB3E84-7FD5-414D-9A17-378C62CA3F35}.Debug|Any CPU.Build.0 = Debug|Any CPU
		{EDFB3E84-7FD5-414D-9A17-378C62CA3F35}.Release|Any CPU.ActiveCfg = Release|Any CPU
		{EDFB3E84-7FD5-414D-9A17-378C62CA3F35}.Release|Any CPU.Build.0 = Release|Any CPU
	EndGlobalSection
	GlobalSection(SolutionProperties) = preSolution
		HideSolutionNode = FALSE
	EndGlobalSection
	GlobalSection(NestedProjects) = preSolution
		{D0633B87-E72A-4362-B11F-E614494771C0} = {2D17624C-B2B8-4343-94BF-34056C7FD4EC}
		{7875CC3D-B029-4D43-8328-8D7A8D773091} = {2D17624C-B2B8-4343-94BF-34056C7FD4EC}
		{4D0D87F5-40E5-49C1-B990-84F7B570BCB6} = {D0131164-9D0E-4CEE-9CB3-FC617BD661DA}
		{B6307988-91AA-43A8-89E5-E65E9C26CF9D} = {D0131164-9D0E-4CEE-9CB3-FC617BD661DA}
		{7453BCDC-28AE-44DD-B96C-A4E2BA6740D6} = {D0131164-9D0E-4CEE-9CB3-FC617BD661DA}
		{9228F275-78AA-475D-844D-6D54A62B132A} = {D0131164-9D0E-4CEE-9CB3-FC617BD661DA}
		{2D17624C-B2B8-4343-94BF-34056C7FD4EC} = {D0131164-9D0E-4CEE-9CB3-FC617BD661DA}
		{F347B527-EAA8-4675-932B-13F54C252DC7} = {A4C160C3-9D6F-4B0C-9A66-CA5FE5264672}
		{3EBC174A-06E7-4FBA-9745-7BBCD7F2982E} = {A4C160C3-9D6F-4B0C-9A66-CA5FE5264672}
		{9E9A6F23-6F3F-4361-B443-9B0EBEBE9712} = {5F40AA75-7382-487D-B2F7-3D07DC68C566}
		{A65A61A0-F372-4630-982E-B728ABFFB09A} = {5F40AA75-7382-487D-B2F7-3D07DC68C566}
		{9C384CE3-4BD5-44B9-AE59-F0159D20D302} = {5F40AA75-7382-487D-B2F7-3D07DC68C566}
		{EDFB3E84-7FD5-414D-9A17-378C62CA3F35} = {5F40AA75-7382-487D-B2F7-3D07DC68C566}
	EndGlobalSection
	GlobalSection(ExtensibilityGlobals) = postSolution
		SolutionGuid = {50B7704D-EFFD-4789-90DD-F594F80C2B97}
	EndGlobalSection
EndGlobal
